
Microsoft Visual Studio Solution File, Format Version 12.00
# Visual Studio Version 17
VisualStudioVersion = 17.0.31903.59
MinimumVisualStudioVersion = 10.0.40219.1
Project("{2150E333-8FDC-42A3-9474-1A3956D46DE8}") = "src", "src", "{827E0CD3-B72D-47B6-A68D-7590B98EB39B}"
EndProject
Project("{FAE04EC0-301F-11D3-BF4B-00C04F79EFBC}") = "PoRepoLineTracker.Api", "src\PoRepoLineTracker.Api\PoRepoLineTracker.Api.csproj", "{B19AAB81-DC7A-451C-B134-B1F136CDCD5A}"
EndProject
Project("{FAE04EC0-301F-11D3-BF4B-00C04F79EFBC}") = "PoRepoLineTracker.Application", "src\PoRepoLineTracker.Application\PoRepoLineTracker.Application.csproj", "{9D79A0D1-EF3B-4DAB-87D0-1973411137D2}"
EndProject
Project("{FAE04EC0-301F-11D3-BF4B-00C04F79EFBC}") = "PoRepoLineTracker.Client", "src\PoRepoLineTracker.Client\PoRepoLineTracker.Client.csproj", "{F7F51E03-E17D-4AEB-8B5A-D4EC96152942}"
EndProject
Project("{FAE04EC0-301F-11D3-BF4B-00C04F79EFBC}") = "PoRepoLineTracker.Domain", "src\PoRepoLineTracker.Domain\PoRepoLineTracker.Domain.csproj", "{5B5E057B-2993-47E3-842D-16F981AC4017}"
EndProject
Project("{FAE04EC0-301F-11D3-BF4B-00C04F79EFBC}") = "PoRepoLineTracker.Infrastructure", "src\PoRepoLineTracker.Infrastructure\PoRepoLineTracker.Infrastructure.csproj", "{8F17E560-F8E3-4F00-BB8C-F71DB60A4D36}"
EndProject
Project("{FAE04EC0-301F-11D3-BF4B-00C04F79EFBC}") = "PoRepoLineTracker.IntegrationTests", "tests\PoRepoLineTracker.IntegrationTests\PoRepoLineTracker.IntegrationTests.csproj", "{FA5300FE-8497-46C9-8CA0-D62958BEF8E3}"
EndProject
Project("{FAE04EC0-301F-11D3-BF4B-00C04F79EFBC}") = "PoRepoLineTracker.UnitTests", "tests\PoRepoLineTracker.UnitTests\PoRepoLineTracker.UnitTests.csproj", "{5DC044A9-3C47-41CF-B9C9-B61994E7A198}"
EndProject
Project("{FAE04EC0-301F-11D3-BF4B-00C04F79EFBC}") = "PoRepoLineTracker.AppHost", "src\PoRepoLineTracker.AppHost\PoRepoLineTracker.AppHost.csproj", "{F900102E-CAB8-4550-ADED-CD5C7E2D23FF}"
EndProject
Project("{FAE04EC0-301F-11D3-BF4B-00C04F79EFBC}") = "PoRepoLineTracker.ServiceDefaults", "src\PoRepoLineTracker.ServiceDefaults\PoRepoLineTracker.ServiceDefaults.csproj", "{F02A78AA-1504-4D63-B19E-31D98C2867B9}"
EndProject
Global
	GlobalSection(SolutionConfigurationPlatforms) = preSolution
		Debug|Any CPU = Debug|Any CPU
		Debug|x64 = Debug|x64
		Debug|x86 = Debug|x86
		Release|Any CPU = Release|Any CPU
		Release|x64 = Release|x64
		Release|x86 = Release|x86
	EndGlobalSection
	GlobalSection(ProjectConfigurationPlatforms) = postSolution
		{B19AAB81-DC7A-451C-B134-B1F136CDCD5A}.Debug|Any CPU.ActiveCfg = Debug|Any CPU
		{B19AAB81-DC7A-451C-B134-B1F136CDCD5A}.Debug|Any CPU.Build.0 = Debug|Any CPU
		{B19AAB81-DC7A-451C-B134-B1F136CDCD5A}.Debug|x64.ActiveCfg = Debug|Any CPU
		{B19AAB81-DC7A-451C-B134-B1F136CDCD5A}.Debug|x64.Build.0 = Debug|Any CPU
		{B19AAB81-DC7A-451C-B134-B1F136CDCD5A}.Debug|x86.ActiveCfg = Debug|Any CPU
		{B19AAB81-DC7A-451C-B134-B1F136CDCD5A}.Debug|x86.Build.0 = Debug|Any CPU
		{B19AAB81-DC7A-451C-B134-B1F136CDCD5A}.Release|Any CPU.ActiveCfg = Release|Any CPU
		{B19AAB81-DC7A-451C-B134-B1F136CDCD5A}.Release|Any CPU.Build.0 = Release|Any CPU
		{B19AAB81-DC7A-451C-B134-B1F136CDCD5A}.Release|x64.ActiveCfg = Release|Any CPU
		{B19AAB81-DC7A-451C-B134-B1F136CDCD5A}.Release|x64.Build.0 = Release|Any CPU
		{B19AAB81-DC7A-451C-B134-B1F136CDCD5A}.Release|x86.ActiveCfg = Release|Any CPU
		{B19AAB81-DC7A-451C-B134-B1F136CDCD5A}.Release|x86.Build.0 = Release|Any CPU
		{9D79A0D1-EF3B-4DAB-87D0-1973411137D2}.Debug|Any CPU.ActiveCfg = Debug|Any CPU
		{9D79A0D1-EF3B-4DAB-87D0-1973411137D2}.Debug|Any CPU.Build.0 = Debug|Any CPU
		{9D79A0D1-EF3B-4DAB-87D0-1973411137D2}.Debug|x64.ActiveCfg = Debug|Any CPU
		{9D79A0D1-EF3B-4DAB-87D0-1973411137D2}.Debug|x64.Build.0 = Debug|Any CPU
		{9D79A0D1-EF3B-4DAB-87D0-1973411137D2}.Debug|x86.ActiveCfg = Debug|Any CPU
		{9D79A0D1-EF3B-4DAB-87D0-1973411137D2}.Debug|x86.Build.0 = Debug|Any CPU
		{9D79A0D1-EF3B-4DAB-87D0-1973411137D2}.Release|Any CPU.ActiveCfg = Release|Any CPU
		{9D79A0D1-EF3B-4DAB-87D0-1973411137D2}.Release|Any CPU.Build.0 = Release|Any CPU
		{9D79A0D1-EF3B-4DAB-87D0-1973411137D2}.Release|x64.ActiveCfg = Release|Any CPU
		{9D79A0D1-EF3B-4DAB-87D0-1973411137D2}.Release|x64.Build.0 = Release|Any CPU
		{9D79A0D1-EF3B-4DAB-87D0-1973411137D2}.Release|x86.ActiveCfg = Release|Any CPU
		{9D79A0D1-EF3B-4DAB-87D0-1973411137D2}.Release|x86.Build.0 = Release|Any CPU
		{F7F51E03-E17D-4AEB-8B5A-D4EC96152942}.Debug|Any CPU.ActiveCfg = Debug|Any CPU
		{F7F51E03-E17D-4AEB-8B5A-D4EC96152942}.Debug|Any CPU.Build.0 = Debug|Any CPU
		{F7F51E03-E17D-4AEB-8B5A-D4EC96152942}.Debug|x64.ActiveCfg = Debug|Any CPU
		{F7F51E03-E17D-4AEB-8B5A-D4EC96152942}.Debug|x64.Build.0 = Debug|Any CPU
		{F7F51E03-E17D-4AEB-8B5A-D4EC96152942}.Debug|x86.ActiveCfg = Debug|Any CPU
		{F7F51E03-E17D-4AEB-8B5A-D4EC96152942}.Debug|x86.Build.0 = Debug|Any CPU
		{F7F51E03-E17D-4AEB-8B5A-D4EC96152942}.Release|Any CPU.ActiveCfg = Release|Any CPU
		{F7F51E03-E17D-4AEB-8B5A-D4EC96152942}.Release|Any CPU.Build.0 = Release|Any CPU
		{F7F51E03-E17D-4AEB-8B5A-D4EC96152942}.Release|x64.ActiveCfg = Release|Any CPU
		{F7F51E03-E17D-4AEB-8B5A-D4EC96152942}.Release|x64.Build.0 = Release|Any CPU
		{F7F51E03-E17D-4AEB-8B5A-D4EC96152942}.Release|x86.ActiveCfg = Release|Any CPU
		{F7F51E03-E17D-4AEB-8B5A-D4EC96152942}.Release|x86.Build.0 = Release|Any CPU
		{5B5E057B-2993-47E3-842D-16F981AC4017}.Debug|Any CPU.ActiveCfg = Debug|Any CPU
		{5B5E057B-2993-47E3-842D-16F981AC4017}.Debug|Any CPU.Build.0 = Debug|Any CPU
		{5B5E057B-2993-47E3-842D-16F981AC4017}.Debug|x64.ActiveCfg = Debug|Any CPU
		{5B5E057B-2993-47E3-842D-16F981AC4017}.Debug|x64.Build.0 = Debug|Any CPU
		{5B5E057B-2993-47E3-842D-16F981AC4017}.Debug|x86.ActiveCfg = Debug|Any CPU
		{5B5E057B-2993-47E3-842D-16F981AC4017}.Debug|x86.Build.0 = Debug|Any CPU
		{5B5E057B-2993-47E3-842D-16F981AC4017}.Release|Any CPU.ActiveCfg = Release|Any CPU
		{5B5E057B-2993-47E3-842D-16F981AC4017}.Release|Any CPU.Build.0 = Release|Any CPU
		{5B5E057B-2993-47E3-842D-16F981AC4017}.Release|x64.ActiveCfg = Release|Any CPU
		{5B5E057B-2993-47E3-842D-16F981AC4017}.Release|x64.Build.0 = Release|Any CPU
		{5B5E057B-2993-47E3-842D-16F981AC4017}.Release|x86.ActiveCfg = Release|Any CPU
		{5B5E057B-2993-47E3-842D-16F981AC4017}.Release|x86.Build.0 = Release|Any CPU
		{8F17E560-F8E3-4F00-BB8C-F71DB60A4D36}.Debug|Any CPU.ActiveCfg = Debug|Any CPU
		{8F17E560-F8E3-4F00-BB8C-F71DB60A4D36}.Debug|Any CPU.Build.0 = Debug|Any CPU
		{8F17E560-F8E3-4F00-BB8C-F71DB60A4D36}.Debug|x64.ActiveCfg = Debug|Any CPU
		{8F17E560-F8E3-4F00-BB8C-F71DB60A4D36}.Debug|x64.Build.0 = Debug|Any CPU
		{8F17E560-F8E3-4F00-BB8C-F71DB60A4D36}.Debug|x86.ActiveCfg = Debug|Any CPU
		{8F17E560-F8E3-4F00-BB8C-F71DB60A4D36}.Debug|x86.Build.0 = Debug|Any CPU
		{8F17E560-F8E3-4F00-BB8C-F71DB60A4D36}.Release|Any CPU.ActiveCfg = Release|Any CPU
		{8F17E560-F8E3-4F00-BB8C-F71DB60A4D36}.Release|Any CPU.Build.0 = Release|Any CPU
		{8F17E560-F8E3-4F00-BB8C-F71DB60A4D36}.Release|x64.ActiveCfg = Release|Any CPU
		{8F17E560-F8E3-4F00-BB8C-F71DB60A4D36}.Release|x64.Build.0 = Release|Any CPU
		{8F17E560-F8E3-4F00-BB8C-F71DB60A4D36}.Release|x86.ActiveCfg = Release|Any CPU
		{8F17E560-F8E3-4F00-BB8C-F71DB60A4D36}.Release|x86.Build.0 = Release|Any CPU
		{FA5300FE-8497-46C9-8CA0-D62958BEF8E3}.Debug|Any CPU.ActiveCfg = Debug|Any CPU
		{FA5300FE-8497-46C9-8CA0-D62958BEF8E3}.Debug|Any CPU.Build.0 = Debug|Any CPU
		{FA5300FE-8497-46C9-8CA0-D62958BEF8E3}.Debug|x64.ActiveCfg = Debug|Any CPU
		{FA5300FE-8497-46C9-8CA0-D62958BEF8E3}.Debug|x64.Build.0 = Debug|Any CPU
		{FA5300FE-8497-46C9-8CA0-D62958BEF8E3}.Debug|x86.ActiveCfg = Debug|Any CPU
		{FA5300FE-8497-46C9-8CA0-D62958BEF8E3}.Debug|x86.Build.0 = Debug|Any CPU
		{FA5300FE-8497-46C9-8CA0-D62958BEF8E3}.Release|Any CPU.ActiveCfg = Release|Any CPU
		{FA5300FE-8497-46C9-8CA0-D62958BEF8E3}.Release|Any CPU.Build.0 = Release|Any CPU
		{FA5300FE-8497-46C9-8CA0-D62958BEF8E3}.Release|x64.ActiveCfg = Release|Any CPU
		{FA5300FE-8497-46C9-8CA0-D62958BEF8E3}.Release|x64.Build.0 = Release|Any CPU
		{FA5300FE-8497-46C9-8CA0-D62958BEF8E3}.Release|x86.ActiveCfg = Release|Any CPU
		{FA5300FE-8497-46C9-8CA0-D62958BEF8E3}.Release|x86.Build.0 = Release|Any CPU
		{5DC044A9-3C47-41CF-B9C9-B61994E7A198}.Debug|Any CPU.ActiveCfg = Debug|Any CPU
		{5DC044A9-3C47-41CF-B9C9-B61994E7A198}.Debug|Any CPU.Build.0 = Debug|Any CPU
		{5DC044A9-3C47-41CF-B9C9-B61994E7A198}.Debug|x64.ActiveCfg = Debug|Any CPU
		{5DC044A9-3C47-41CF-B9C9-B61994E7A198}.Debug|x64.Build.0 = Debug|Any CPU
		{5DC044A9-3C47-41CF-B9C9-B61994E7A198}.Debug|x86.ActiveCfg = Debug|Any CPU
		{5DC044A9-3C47-41CF-B9C9-B61994E7A198}.Debug|x86.Build.0 = Debug|Any CPU
		{5DC044A9-3C47-41CF-B9C9-B61994E7A198}.Release|Any CPU.ActiveCfg = Release|Any CPU
		{5DC044A9-3C47-41CF-B9C9-B61994E7A198}.Release|Any CPU.Build.0 = Release|Any CPU
		{5DC044A9-3C47-41CF-B9C9-B61994E7A198}.Release|x64.ActiveCfg = Release|Any CPU
		{5DC044A9-3C47-41CF-B9C9-B61994E7A198}.Release|x64.Build.0 = Release|Any CPU
		{5DC044A9-3C47-41CF-B9C9-B61994E7A198}.Release|x86.ActiveCfg = Release|Any CPU
		{5DC044A9-3C47-41CF-B9C9-B61994E7A198}.Release|x86.Build.0 = Release|Any CPU
		{F900102E-CAB8-4550-ADED-CD5C7E2D23FF}.Debug|Any CPU.ActiveCfg = Debug|Any CPU
		{F900102E-CAB8-4550-ADED-CD5C7E2D23FF}.Debug|Any CPU.Build.0 = Debug|Any CPU
		{F900102E-CAB8-4550-ADED-CD5C7E2D23FF}.Debug|x64.ActiveCfg = Debug|Any CPU
		{F900102E-CAB8-4550-ADED-CD5C7E2D23FF}.Debug|x64.Build.0 = Debug|Any CPU
		{F900102E-CAB8-4550-ADED-CD5C7E2D23FF}.Debug|x86.ActiveCfg = Debug|Any CPU
		{F900102E-CAB8-4550-ADED-CD5C7E2D23FF}.Debug|x86.Build.0 = Debug|Any CPU
		{F900102E-CAB8-4550-ADED-CD5C7E2D23FF}.Release|Any CPU.ActiveCfg = Release|Any CPU
		{F900102E-CAB8-4550-ADED-CD5C7E2D23FF}.Release|Any CPU.Build.0 = Release|Any CPU
		{F900102E-CAB8-4550-ADED-CD5C7E2D23FF}.Release|x64.ActiveCfg = Release|Any CPU
		{F900102E-CAB8-4550-ADED-CD5C7E2D23FF}.Release|x64.Build.0 = Release|Any CPU
		{F900102E-CAB8-4550-ADED-CD5C7E2D23FF}.Release|x86.ActiveCfg = Release|Any CPU
		{F900102E-CAB8-4550-ADED-CD5C7E2D23FF}.Release|x86.Build.0 = Release|Any CPU
		{F02A78AA-1504-4D63-B19E-31D98C2867B9}.Debug|Any CPU.ActiveCfg = Debug|Any CPU
		{F02A78AA-1504-4D63-B19E-31D98C2867B9}.Debug|Any CPU.Build.0 = Debug|Any CPU
		{F02A78AA-1504-4D63-B19E-31D98C2867B9}.Debug|x64.ActiveCfg = Debug|Any CPU
		{F02A78AA-1504-4D63-B19E-31D98C2867B9}.Debug|x64.Build.0 = Debug|Any CPU
		{F02A78AA-1504-4D63-B19E-31D98C2867B9}.Debug|x86.ActiveCfg = Debug|Any CPU
		{F02A78AA-1504-4D63-B19E-31D98C2867B9}.Debug|x86.Build.0 = Debug|Any CPU
		{F02A78AA-1504-4D63-B19E-31D98C2867B9}.Release|Any CPU.ActiveCfg = Release|Any CPU
		{F02A78AA-1504-4D63-B19E-31D98C2867B9}.Release|Any CPU.Build.0 = Release|Any CPU
		{F02A78AA-1504-4D63-B19E-31D98C2867B9}.Release|x64.ActiveCfg = Release|Any CPU
		{F02A78AA-1504-4D63-B19E-31D98C2867B9}.Release|x64.Build.0 = Release|Any CPU
		{F02A78AA-1504-4D63-B19E-31D98C2867B9}.Release|x86.ActiveCfg = Release|Any CPU
		{F02A78AA-1504-4D63-B19E-31D98C2867B9}.Release|x86.Build.0 = Release|Any CPU
	EndGlobalSection
	GlobalSection(SolutionProperties) = preSolution
		HideSolutionNode = FALSE
	EndGlobalSection
	GlobalSection(NestedProjects) = preSolution
		{B19AAB81-DC7A-451C-B134-B1F136CDCD5A} = {827E0CD3-B72D-47B6-A68D-7590B98EB39B}
		{9D79A0D1-EF3B-4DAB-87D0-1973411137D2} = {827E0CD3-B72D-47B6-A68D-7590B98EB39B}
		{F7F51E03-E17D-4AEB-8B5A-D4EC96152942} = {827E0CD3-B72D-47B6-A68D-7590B98EB39B}
		{5B5E057B-2993-47E3-842D-16F981AC4017} = {827E0CD3-B72D-47B6-A68D-7590B98EB39B}
		{8F17E560-F8E3-4F00-BB8C-F71DB60A4D36} = {827E0CD3-B72D-47B6-A68D-7590B98EB39B}
		{FA5300FE-8497-46C9-8CA0-D62958BEF8E3} = {827E0CD3-B72D-47B6-A68D-7590B98EB39B}
		{5DC044A9-3C47-41CF-B9C9-B61994E7A198} = {827E0CD3-B72D-47B6-A68D-7590B98EB39B}
		{F900102E-CAB8-4550-ADED-CD5C7E2D23FF} = {827E0CD3-B72D-47B6-A68D-7590B98EB39B}
		{F02A78AA-1504-4D63-B19E-31D98C2867B9} = {827E0CD3-B72D-47B6-A68D-7590B98EB39B}
	EndGlobalSection
EndGlobal
